
Microsoft Visual Studio Solution File, Format Version 12.00
# Visual Studio 15
VisualStudioVersion = 15.0.28307.645
MinimumVisualStudioVersion = 10.0.40219.1
Project("{FAE04EC0-301F-11D3-BF4B-00C04F79EFBC}") = "DMMRandomizer", "DMMRandomizer\DMMRandomizer.csproj", "{07F54311-5D57-4103-BB14-FBCDFD5A2166}"
EndProject
Global
	GlobalSection(SolutionConfigurationPlatforms) = preSolution
		Debug|Any CPU = Debug|Any CPU
		Release|Any CPU = Release|Any CPU
	EndGlobalSection
	GlobalSection(ProjectConfigurationPlatforms) = postSolution
		{07F54311-5D57-4103-BB14-FBCDFD5A2166}.Debug|Any CPU.ActiveCfg = Debug|Any CPU
		{07F54311-5D57-4103-BB14-FBCDFD5A2166}.Debug|Any CPU.Build.0 = Debug|Any CPU
		{07F54311-5D57-4103-BB14-FBCDFD5A2166}.Release|Any CPU.ActiveCfg = Release|Any CPU
		{07F54311-5D57-4103-BB14-FBCDFD5A2166}.Release|Any CPU.Build.0 = Release|Any CPU
	EndGlobalSection
	GlobalSection(SolutionProperties) = preSolution
		HideSolutionNode = FALSE
	EndGlobalSection
	GlobalSection(ExtensibilityGlobals) = postSolution
		SolutionGuid = {020FFFB0-4E09-4A3A-8A09-225AF6580295}
	EndGlobalSection
EndGlobal
